
Microsoft Visual Studio Solution File, Format Version 12.00
# Visual Studio Version 16
VisualStudioVersion = 16.0.31911.196
MinimumVisualStudioVersion = 10.0.40219.1
Project("{FAE04EC0-301F-11D3-BF4B-00C04F79EFBC}") = "ConsoleApp4", "ConsoleApp4\ConsoleApp4.csproj", "{D485BA9B-E747-4DB9-B131-57BF20E1247D}"
EndProject
Global
	GlobalSection(SolutionConfigurationPlatforms) = preSolution
		Debug|Any CPU = Debug|Any CPU
		Release|Any CPU = Release|Any CPU
	EndGlobalSection
	GlobalSection(ProjectConfigurationPlatforms) = postSolution
		{D485BA9B-E747-4DB9-B131-57BF20E1247D}.Debug|Any CPU.ActiveCfg = Debug|Any CPU
		{D485BA9B-E747-4DB9-B131-57BF20E1247D}.Debug|Any CPU.Build.0 = Debug|Any CPU
		{D485BA9B-E747-4DB9-B131-57BF20E1247D}.Release|Any CPU.ActiveCfg = Release|Any CPU
		{D485BA9B-E747-4DB9-B131-57BF20E1247D}.Release|Any CPU.Build.0 = Release|Any CPU
	EndGlobalSection
	GlobalSection(SolutionProperties) = preSolution
		HideSolutionNode = FALSE
	EndGlobalSection
	GlobalSection(ExtensibilityGlobals) = postSolution
		SolutionGuid = {EDE1EACA-12AA-48E2-ABD2-DDFC1A0D4409}
	EndGlobalSection
EndGlobal
